
Microsoft Visual Studio Solution File, Format Version 12.00
# Visual Studio Version 17
VisualStudioVersion = 17.14.36310.24 d17.14
MinimumVisualStudioVersion = 10.0.40219.1
Project("{FAE04EC0-301F-11D3-BF4B-00C04F79EFBC}") = "ExceptionhandlingDay3", "ExceptionhandlingDay3\ExceptionhandlingDay3.csproj", "{5CBB96AE-169B-4EBA-A02C-0BF73D3B513C}"
EndProject
Global
	GlobalSection(SolutionConfigurationPlatforms) = preSolution
		Debug|Any CPU = Debug|Any CPU
		Release|Any CPU = Release|Any CPU
	EndGlobalSection
	GlobalSection(ProjectConfigurationPlatforms) = postSolution
		{5CBB96AE-169B-4EBA-A02C-0BF73D3B513C}.Debug|Any CPU.ActiveCfg = Debug|Any CPU
		{5CBB96AE-169B-4EBA-A02C-0BF73D3B513C}.Debug|Any CPU.Build.0 = Debug|Any CPU
		{5CBB96AE-169B-4EBA-A02C-0BF73D3B513C}.Release|Any CPU.ActiveCfg = Release|Any CPU
		{5CBB96AE-169B-4EBA-A02C-0BF73D3B513C}.Release|Any CPU.Build.0 = Release|Any CPU
	EndGlobalSection
	GlobalSection(SolutionProperties) = preSolution
		HideSolutionNode = FALSE
	EndGlobalSection
	GlobalSection(ExtensibilityGlobals) = postSolution
		SolutionGuid = {21DE1051-EB1D-4CAD-934E-A27E0D1C52FB}
	EndGlobalSection
EndGlobal
