
Microsoft Visual Studio Solution File, Format Version 12.00
# Visual Studio Version 17
VisualStudioVersion = 17.14.36310.24 d17.14
MinimumVisualStudioVersion = 10.0.40219.1
Project("{FAE04EC0-301F-11D3-BF4B-00C04F79EFBC}") = "SolidPrinciples", "SolidPrinciples\SolidPrinciples.csproj", "{E0D91A99-DC10-49F4-9AFF-1AB1E166D239}"
EndProject
Project("{FAE04EC0-301F-11D3-BF4B-00C04F79EFBC}") = "SrpWithout", "SrpWithout\SrpWithout.csproj", "{9D6F57C8-54BA-465B-B0CE-7EDE9E91B8C8}"
EndProject
Project("{FAE04EC0-301F-11D3-BF4B-00C04F79EFBC}") = "withSrp", "withSrp\withSrp.csproj", "{C0076D73-4E70-4CAE-9EB7-FE2159E582EC}"
EndProject
Project("{FAE04EC0-301F-11D3-BF4B-00C04F79EFBC}") = "LspWithout", "LspWithout\LspWithout.csproj", "{5BD90807-6C6C-4AEE-952C-ED5BA8CA5DC8}"
EndProject
Project("{FAE04EC0-301F-11D3-BF4B-00C04F79EFBC}") = "withLsp", "withLsp\withLsp.csproj", "{600B6154-FD1F-489D-848D-67C4922E808D}"
EndProject
Project("{FAE04EC0-301F-11D3-BF4B-00C04F79EFBC}") = "IspWithout", "IspWithout\IspWithout.csproj", "{52032717-A067-4131-91D7-AF76841B48CE}"
EndProject
Project("{FAE04EC0-301F-11D3-BF4B-00C04F79EFBC}") = "IspWith", "IspWith\IspWith.csproj", "{FB10354E-E8C2-448B-ABFF-7460D37034D1}"
EndProject
Project("{FAE04EC0-301F-11D3-BF4B-00C04F79EFBC}") = "DipWithout", "DipWithout\DipWithout.csproj", "{CE0503C1-854F-4919-9116-1326CC6A3D53}"
EndProject
Project("{FAE04EC0-301F-11D3-BF4B-00C04F79EFBC}") = "WithDip", "WithDip\WithDip.csproj", "{AB8B2A8C-CD4C-4644-AFCB-923CF19E7876}"
EndProject
Global
	GlobalSection(SolutionConfigurationPlatforms) = preSolution
		Debug|Any CPU = Debug|Any CPU
		Release|Any CPU = Release|Any CPU
	EndGlobalSection
	GlobalSection(ProjectConfigurationPlatforms) = postSolution
		{E0D91A99-DC10-49F4-9AFF-1AB1E166D239}.Debug|Any CPU.ActiveCfg = Debug|Any CPU
		{E0D91A99-DC10-49F4-9AFF-1AB1E166D239}.Debug|Any CPU.Build.0 = Debug|Any CPU
		{E0D91A99-DC10-49F4-9AFF-1AB1E166D239}.Release|Any CPU.ActiveCfg = Release|Any CPU
		{E0D91A99-DC10-49F4-9AFF-1AB1E166D239}.Release|Any CPU.Build.0 = Release|Any CPU
		{9D6F57C8-54BA-465B-B0CE-7EDE9E91B8C8}.Debug|Any CPU.ActiveCfg = Debug|Any CPU
		{9D6F57C8-54BA-465B-B0CE-7EDE9E91B8C8}.Debug|Any CPU.Build.0 = Debug|Any CPU
		{9D6F57C8-54BA-465B-B0CE-7EDE9E91B8C8}.Release|Any CPU.ActiveCfg = Release|Any CPU
		{9D6F57C8-54BA-465B-B0CE-7EDE9E91B8C8}.Release|Any CPU.Build.0 = Release|Any CPU
		{C0076D73-4E70-4CAE-9EB7-FE2159E582EC}.Debug|Any CPU.ActiveCfg = Debug|Any CPU
		{C0076D73-4E70-4CAE-9EB7-FE2159E582EC}.Debug|Any CPU.Build.0 = Debug|Any CPU
		{C0076D73-4E70-4CAE-9EB7-FE2159E582EC}.Release|Any CPU.ActiveCfg = Release|Any CPU
		{C0076D73-4E70-4CAE-9EB7-FE2159E582EC}.Release|Any CPU.Build.0 = Release|Any CPU
		{5BD90807-6C6C-4AEE-952C-ED5BA8CA5DC8}.Debug|Any CPU.ActiveCfg = Debug|Any CPU
		{5BD90807-6C6C-4AEE-952C-ED5BA8CA5DC8}.Debug|Any CPU.Build.0 = Debug|Any CPU
		{5BD90807-6C6C-4AEE-952C-ED5BA8CA5DC8}.Release|Any CPU.ActiveCfg = Release|Any CPU
		{5BD90807-6C6C-4AEE-952C-ED5BA8CA5DC8}.Release|Any CPU.Build.0 = Release|Any CPU
		{600B6154-FD1F-489D-848D-67C4922E808D}.Debug|Any CPU.ActiveCfg = Debug|Any CPU
		{600B6154-FD1F-489D-848D-67C4922E808D}.Debug|Any CPU.Build.0 = Debug|Any CPU
		{600B6154-FD1F-489D-848D-67C4922E808D}.Release|Any CPU.ActiveCfg = Release|Any CPU
		{600B6154-FD1F-489D-848D-67C4922E808D}.Release|Any CPU.Build.0 = Release|Any CPU
		{52032717-A067-4131-91D7-AF76841B48CE}.Debug|Any CPU.ActiveCfg = Debug|Any CPU
		{52032717-A067-4131-91D7-AF76841B48CE}.Debug|Any CPU.Build.0 = Debug|Any CPU
		{52032717-A067-4131-91D7-AF76841B48CE}.Release|Any CPU.ActiveCfg = Release|Any CPU
		{52032717-A067-4131-91D7-AF76841B48CE}.Release|Any CPU.Build.0 = Release|Any CPU
		{FB10354E-E8C2-448B-ABFF-7460D37034D1}.Debug|Any CPU.ActiveCfg = Debug|Any CPU
		{FB10354E-E8C2-448B-ABFF-7460D37034D1}.Debug|Any CPU.Build.0 = Debug|Any CPU
		{FB10354E-E8C2-448B-ABFF-7460D37034D1}.Release|Any CPU.ActiveCfg = Release|Any CPU
		{FB10354E-E8C2-448B-ABFF-7460D37034D1}.Release|Any CPU.Build.0 = Release|Any CPU
		{CE0503C1-854F-4919-9116-1326CC6A3D53}.Debug|Any CPU.ActiveCfg = Debug|Any CPU
		{CE0503C1-854F-4919-9116-1326CC6A3D53}.Debug|Any CPU.Build.0 = Debug|Any CPU
		{CE0503C1-854F-4919-9116-1326CC6A3D53}.Release|Any CPU.ActiveCfg = Release|Any CPU
		{CE0503C1-854F-4919-9116-1326CC6A3D53}.Release|Any CPU.Build.0 = Release|Any CPU
		{AB8B2A8C-CD4C-4644-AFCB-923CF19E7876}.Debug|Any CPU.ActiveCfg = Debug|Any CPU
		{AB8B2A8C-CD4C-4644-AFCB-923CF19E7876}.Debug|Any CPU.Build.0 = Debug|Any CPU
		{AB8B2A8C-CD4C-4644-AFCB-923CF19E7876}.Release|Any CPU.ActiveCfg = Release|Any CPU
		{AB8B2A8C-CD4C-4644-AFCB-923CF19E7876}.Release|Any CPU.Build.0 = Release|Any CPU
	EndGlobalSection
	GlobalSection(SolutionProperties) = preSolution
		HideSolutionNode = FALSE
	EndGlobalSection
	GlobalSection(ExtensibilityGlobals) = postSolution
		SolutionGuid = {E78F42F2-385E-4F28-9074-AA0D995A174D}
	EndGlobalSection
EndGlobal
