
Microsoft Visual Studio Solution File, Format Version 12.00
# Visual Studio Version 17
VisualStudioVersion = 17.14.36310.24 d17.14
MinimumVisualStudioVersion = 10.0.40219.1
Project("{FAE04EC0-301F-11D3-BF4B-00C04F79EFBC}") = "AgentApp", "AgentApp\AgentApp.csproj", "{22CA3F7C-687E-492B-8FF7-5F070C957288}"
EndProject
Global
	GlobalSection(SolutionConfigurationPlatforms) = preSolution
		Debug|Any CPU = Debug|Any CPU
		Release|Any CPU = Release|Any CPU
	EndGlobalSection
	GlobalSection(ProjectConfigurationPlatforms) = postSolution
		{22CA3F7C-687E-492B-8FF7-5F070C957288}.Debug|Any CPU.ActiveCfg = Debug|Any CPU
		{22CA3F7C-687E-492B-8FF7-5F070C957288}.Debug|Any CPU.Build.0 = Debug|Any CPU
		{22CA3F7C-687E-492B-8FF7-5F070C957288}.Release|Any CPU.ActiveCfg = Release|Any CPU
		{22CA3F7C-687E-492B-8FF7-5F070C957288}.Release|Any CPU.Build.0 = Release|Any CPU
	EndGlobalSection
	GlobalSection(SolutionProperties) = preSolution
		HideSolutionNode = FALSE
	EndGlobalSection
	GlobalSection(ExtensibilityGlobals) = postSolution
		SolutionGuid = {2FC2D10F-9295-4B65-9B59-8A020C2A1FD8}
	EndGlobalSection
EndGlobal
